
Microsoft Visual Studio Solution File, Format Version 12.00
# Visual Studio 2013
VisualStudioVersion = 12.0.40629.0
MinimumVisualStudioVersion = 10.0.40219.1
Project("{FAE04EC0-301F-11D3-BF4B-00C04F79EFBC}") = "ChessTable", "ChessTable\ChessTable.csproj", "{B2A2269D-5FBE-45D1-8C79-A3216A9F212F}"
EndProject
Project("{FAE04EC0-301F-11D3-BF4B-00C04F79EFBC}") = "Lottery", "Lottery\Lottery.csproj", "{F7D80B74-8948-4165-A5A6-4F54E241F7C6}"
EndProject
Project("{FAE04EC0-301F-11D3-BF4B-00C04F79EFBC}") = "Prefixes", "Prefixes\Prefixes.csproj", "{55011CE3-AB42-41A7-8255-F5A615198938}"
EndProject
Project("{FAE04EC0-301F-11D3-BF4B-00C04F79EFBC}") = "Cubes", "Cubes\Cubes.csproj", "{E16A3B9B-A9AA-48F9-9E68-C5D02DD94DC7}"
EndProject
Project("{FAE04EC0-301F-11D3-BF4B-00C04F79EFBC}") = "Anagrams", "Anagrams\Anagrams.csproj", "{7747F504-6E25-4AAE-B0E2-662A0EA6E73F}"
EndProject
Project("{FAE04EC0-301F-11D3-BF4B-00C04F79EFBC}") = "RestaurantLunch", "RestaurantLunch\RestaurantLunch.csproj", "{941850AE-2162-414D-9736-1E359D8834B1}"
EndProject
Project("{FAE04EC0-301F-11D3-BF4B-00C04F79EFBC}") = "ExcelColumns", "ExcelColumns\ExcelColumns.csproj", "{E404959A-4847-48C0-BAE5-32730E6C5585}"
EndProject
Global
	GlobalSection(SolutionConfigurationPlatforms) = preSolution
		Debug|Any CPU = Debug|Any CPU
		Release|Any CPU = Release|Any CPU
	EndGlobalSection
	GlobalSection(ProjectConfigurationPlatforms) = postSolution
		{B2A2269D-5FBE-45D1-8C79-A3216A9F212F}.Debug|Any CPU.ActiveCfg = Debug|Any CPU
		{B2A2269D-5FBE-45D1-8C79-A3216A9F212F}.Debug|Any CPU.Build.0 = Debug|Any CPU
		{B2A2269D-5FBE-45D1-8C79-A3216A9F212F}.Release|Any CPU.ActiveCfg = Release|Any CPU
		{B2A2269D-5FBE-45D1-8C79-A3216A9F212F}.Release|Any CPU.Build.0 = Release|Any CPU
		{F7D80B74-8948-4165-A5A6-4F54E241F7C6}.Debug|Any CPU.ActiveCfg = Debug|Any CPU
		{F7D80B74-8948-4165-A5A6-4F54E241F7C6}.Debug|Any CPU.Build.0 = Debug|Any CPU
		{F7D80B74-8948-4165-A5A6-4F54E241F7C6}.Release|Any CPU.ActiveCfg = Release|Any CPU
		{F7D80B74-8948-4165-A5A6-4F54E241F7C6}.Release|Any CPU.Build.0 = Release|Any CPU
		{55011CE3-AB42-41A7-8255-F5A615198938}.Debug|Any CPU.ActiveCfg = Debug|Any CPU
		{55011CE3-AB42-41A7-8255-F5A615198938}.Debug|Any CPU.Build.0 = Debug|Any CPU
		{55011CE3-AB42-41A7-8255-F5A615198938}.Release|Any CPU.ActiveCfg = Release|Any CPU
		{55011CE3-AB42-41A7-8255-F5A615198938}.Release|Any CPU.Build.0 = Release|Any CPU
		{E16A3B9B-A9AA-48F9-9E68-C5D02DD94DC7}.Debug|Any CPU.ActiveCfg = Debug|Any CPU
		{E16A3B9B-A9AA-48F9-9E68-C5D02DD94DC7}.Debug|Any CPU.Build.0 = Debug|Any CPU
		{E16A3B9B-A9AA-48F9-9E68-C5D02DD94DC7}.Release|Any CPU.ActiveCfg = Release|Any CPU
		{E16A3B9B-A9AA-48F9-9E68-C5D02DD94DC7}.Release|Any CPU.Build.0 = Release|Any CPU
		{7747F504-6E25-4AAE-B0E2-662A0EA6E73F}.Debug|Any CPU.ActiveCfg = Debug|Any CPU
		{7747F504-6E25-4AAE-B0E2-662A0EA6E73F}.Debug|Any CPU.Build.0 = Debug|Any CPU
		{7747F504-6E25-4AAE-B0E2-662A0EA6E73F}.Release|Any CPU.ActiveCfg = Release|Any CPU
		{7747F504-6E25-4AAE-B0E2-662A0EA6E73F}.Release|Any CPU.Build.0 = Release|Any CPU
		{941850AE-2162-414D-9736-1E359D8834B1}.Debug|Any CPU.ActiveCfg = Debug|Any CPU
		{941850AE-2162-414D-9736-1E359D8834B1}.Debug|Any CPU.Build.0 = Debug|Any CPU
		{941850AE-2162-414D-9736-1E359D8834B1}.Release|Any CPU.ActiveCfg = Release|Any CPU
		{941850AE-2162-414D-9736-1E359D8834B1}.Release|Any CPU.Build.0 = Release|Any CPU
		{E404959A-4847-48C0-BAE5-32730E6C5585}.Debug|Any CPU.ActiveCfg = Debug|Any CPU
		{E404959A-4847-48C0-BAE5-32730E6C5585}.Debug|Any CPU.Build.0 = Debug|Any CPU
		{E404959A-4847-48C0-BAE5-32730E6C5585}.Release|Any CPU.ActiveCfg = Release|Any CPU
		{E404959A-4847-48C0-BAE5-32730E6C5585}.Release|Any CPU.Build.0 = Release|Any CPU
	EndGlobalSection
	GlobalSection(SolutionProperties) = preSolution
		HideSolutionNode = FALSE
	EndGlobalSection
EndGlobal
